// !$*UTF8*$!
{
	archiveVersion = 1;
	classes = {
	};
	objectVersion = 50;
	objects = {

/* Begin PBXBuildFile section */
		521014F12389434700858FFE /* AppDelegate.swift in Sources */ = {isa = PBXBuildFile; fileRef = 521014F02389434700858FFE /* AppDelegate.swift */; };
		521014F32389434700858FFE /* SceneDelegate.swift in Sources */ = {isa = PBXBuildFile; fileRef = 521014F22389434700858FFE /* SceneDelegate.swift */; };
		521014F52389434700858FFE /* SamplesViewController.swift in Sources */ = {isa = PBXBuildFile; fileRef = 521014F42389434700858FFE /* SamplesViewController.swift */; };
		521014F82389434700858FFE /* Main.storyboard in Resources */ = {isa = PBXBuildFile; fileRef = 521014F62389434700858FFE /* Main.storyboard */; };
		521014FA2389434A00858FFE /* Assets.xcassets in Resources */ = {isa = PBXBuildFile; fileRef = 521014F92389434A00858FFE /* Assets.xcassets */; };
		521014FD2389434A00858FFE /* LaunchScreen.storyboard in Resources */ = {isa = PBXBuildFile; fileRef = 521014FB2389434A00858FFE /* LaunchScreen.storyboard */; };
		5210150B2389439600858FFE /* HapticsBoxTests.swift in Sources */ = {isa = PBXBuildFile; fileRef = 5210150A2389439600858FFE /* HapticsBoxTests.swift */; };
		52101514238946E800858FFE /* EventParameter.ahap in Resources */ = {isa = PBXBuildFile; fileRef = 52101513238946E800858FFE /* EventParameter.ahap */; };
		5210151623894BA600858FFE /* TestBundleLoader.swift in Sources */ = {isa = PBXBuildFile; fileRef = 5210151523894BA600858FFE /* TestBundleLoader.swift */; };
		52101518238974A400858FFE /* Event.ahap in Resources */ = {isa = PBXBuildFile; fileRef = 52101517238974A400858FFE /* Event.ahap */; };
		5210151C23897DCA00858FFE /* Full.ahap in Resources */ = {isa = PBXBuildFile; fileRef = 5210151B23897DCA00858FFE /* Full.ahap */; };
		5210151F23897E3000858FFE /* OnceHeartbeat.ahap in Resources */ = {isa = PBXBuildFile; fileRef = 5210151E23897E3000858FFE /* OnceHeartbeat.ahap */; };
		52101522238984B300858FFE /* AHAPParser.swift in Sources */ = {isa = PBXBuildFile; fileRef = 52101521238984B300858FFE /* AHAPParser.swift */; };
		52101524238A734500858FFE /* FileLoader.swift in Sources */ = {isa = PBXBuildFile; fileRef = 52101523238A734500858FFE /* FileLoader.swift */; };
		52101526238AC1D700858FFE /* HapticsBoxLogger.swift in Sources */ = {isa = PBXBuildFile; fileRef = 52101525238AC1D700858FFE /* HapticsBoxLogger.swift */; };
		52101528238ACB3400858FFE /* HapticsBoxEngine.swift in Sources */ = {isa = PBXBuildFile; fileRef = 52101527238ACB3400858FFE /* HapticsBoxEngine.swift */; };
		5210152F238AD2F500858FFE /* Gravel.ahap in Resources */ = {isa = PBXBuildFile; fileRef = 52101529238AD2F500858FFE /* Gravel.ahap */; };
		52101530238AD2F500858FFE /* Oscillate.ahap in Resources */ = {isa = PBXBuildFile; fileRef = 5210152A238AD2F500858FFE /* Oscillate.ahap */; };
		52101531238AD2F500858FFE /* Inflate.ahap in Resources */ = {isa = PBXBuildFile; fileRef = 5210152B238AD2F500858FFE /* Inflate.ahap */; };
		52101532238AD2F500858FFE /* Boing.ahap in Resources */ = {isa = PBXBuildFile; fileRef = 5210152C238AD2F500858FFE /* Boing.ahap */; };
		52101533238AD2F500858FFE /* Sparkle.ahap in Resources */ = {isa = PBXBuildFile; fileRef = 5210152D238AD2F500858FFE /* Sparkle.ahap */; };
		52101534238AD2F500858FFE /* Rumble.ahap in Resources */ = {isa = PBXBuildFile; fileRef = 5210152E238AD2F500858FFE /* Rumble.ahap */; };
		523AE064239BEA27003E7B31 /* HeartBeats003.PNG in Resources */ = {isa = PBXBuildFile; fileRef = 523AE060239BEA27003E7B31 /* HeartBeats003.PNG */; };
		523AE065239BEA27003E7B31 /* HeartBeats001.PNG in Resources */ = {isa = PBXBuildFile; fileRef = 523AE061239BEA27003E7B31 /* HeartBeats001.PNG */; };
		523AE066239BEA27003E7B31 /* HeartBeats002.PNG in Resources */ = {isa = PBXBuildFile; fileRef = 523AE062239BEA27003E7B31 /* HeartBeats002.PNG */; };
		523AE067239BEA27003E7B31 /* HeartBeats004.PNG in Resources */ = {isa = PBXBuildFile; fileRef = 523AE063239BEA27003E7B31 /* HeartBeats004.PNG */; };
		523AE06A239E91BF003E7B31 /* Collision.storyboard in Resources */ = {isa = PBXBuildFile; fileRef = 523AE069239E91BF003E7B31 /* Collision.storyboard */; };
		523AE06C239E91D6003E7B31 /* CollisionViewController.swift in Sources */ = {isa = PBXBuildFile; fileRef = 523AE06B239E91D6003E7B31 /* CollisionViewController.swift */; };
		523AE08E23A5F6DF003E7B31 /* Samples.storyboard in Resources */ = {isa = PBXBuildFile; fileRef = 523AE08D23A5F6DF003E7B31 /* Samples.storyboard */; };
		523AE09023A5F904003E7B31 /* HomeViewController.swift in Sources */ = {isa = PBXBuildFile; fileRef = 523AE08F23A5F904003E7B31 /* HomeViewController.swift */; };
		523AE09423A5FCEF003E7B31 /* Connection.storyboard in Resources */ = {isa = PBXBuildFile; fileRef = 523AE09323A5FCEF003E7B31 /* Connection.storyboard */; };
		523AE09623A5FD1B003E7B31 /* ConnectionViewController.swift in Sources */ = {isa = PBXBuildFile; fileRef = 523AE09523A5FD1B003E7B31 /* ConnectionViewController.swift */; };
		523AE09E23A65A90003E7B31 /* WebSocketServer.swift in Sources */ = {isa = PBXBuildFile; fileRef = 523AE09D23A65A90003E7B31 /* WebSocketServer.swift */; };
		523AE0A023A660B6003E7B31 /* Configs.swift in Sources */ = {isa = PBXBuildFile; fileRef = 523AE09F23A660B6003E7B31 /* Configs.swift */; };
		52479827239942AB00C4EE31 /* CollectionReusableView.swift in Sources */ = {isa = PBXBuildFile; fileRef = 52479826239942AB00C4EE31 /* CollectionReusableView.swift */; };
		52479829239942C300C4EE31 /* CollectionViewCell.swift in Sources */ = {isa = PBXBuildFile; fileRef = 52479828239942C300C4EE31 /* CollectionViewCell.swift */; };
		52479831239BA90400C4EE31 /* HeartBeats.storyboard in Resources */ = {isa = PBXBuildFile; fileRef = 52479830239BA90400C4EE31 /* HeartBeats.storyboard */; };
		52479833239BA96C00C4EE31 /* HeartBeatsViewController.swift in Sources */ = {isa = PBXBuildFile; fileRef = 52479832239BA96C00C4EE31 /* HeartBeatsViewController.swift */; };
		52479836239BB52500C4EE31 /* HapticSampler.storyboard in Resources */ = {isa = PBXBuildFile; fileRef = 52479835239BB52500C4EE31 /* HapticSampler.storyboard */; };
		52479838239BB53B00C4EE31 /* HapticSamplerViewController.swift in Sources */ = {isa = PBXBuildFile; fileRef = 52479837239BB53B00C4EE31 /* HapticSamplerViewController.swift */; };
		524CA14324053EBB000B8610 /* Swifter.framework in Frameworks */ = {isa = PBXBuildFile; fileRef = 524CA14124053EB3000B8610 /* Swifter.framework */; };
		524CA14424053EBB000B8610 /* Swifter.framework in Embed Frameworks */ = {isa = PBXBuildFile; fileRef = 524CA14124053EB3000B8610 /* Swifter.framework */; settings = {ATTRIBUTES = (CodeSignOnCopy, RemoveHeadersOnCopy, ); }; };
/* End PBXBuildFile section */

/* Begin PBXContainerItemProxy section */
		5210150D2389439600858FFE /* PBXContainerItemProxy */ = {
			isa = PBXContainerItemProxy;
			containerPortal = 521014E52389434700858FFE /* Project object */;
			proxyType = 1;
			remoteGlobalIDString = 521014EC2389434700858FFE;
			remoteInfo = HapticsBox;
		};
/* End PBXContainerItemProxy section */

/* Begin PBXCopyFilesBuildPhase section */
		523AE09C23A65A76003E7B31 /* Embed Frameworks */ = {
			isa = PBXCopyFilesBuildPhase;
			buildActionMask = 2147483647;
			dstPath = "";
			dstSubfolderSpec = 10;
			files = (
				524CA14424053EBB000B8610 /* Swifter.framework in Embed Frameworks */,
			);
			name = "Embed Frameworks";
			runOnlyForDeploymentPostprocessing = 0;
		};
/* End PBXCopyFilesBuildPhase section */

/* Begin PBXFileReference section */
		521014ED2389434700858FFE /* HapticsBox.app */ = {isa = PBXFileReference; explicitFileType = wrapper.application; includeInIndex = 0; path = HapticsBox.app; sourceTree = BUILT_PRODUCTS_DIR; };
		521014F02389434700858FFE /* AppDelegate.swift */ = {isa = PBXFileReference; lastKnownFileType = sourcecode.swift; path = AppDelegate.swift; sourceTree = "<group>"; };
		521014F22389434700858FFE /* SceneDelegate.swift */ = {isa = PBXFileReference; lastKnownFileType = sourcecode.swift; path = SceneDelegate.swift; sourceTree = "<group>"; };
		521014F42389434700858FFE /* SamplesViewController.swift */ = {isa = PBXFileReference; lastKnownFileType = sourcecode.swift; path = SamplesViewController.swift; sourceTree = "<group>"; };
		521014F72389434700858FFE /* Base */ = {isa = PBXFileReference; lastKnownFileType = file.storyboard; name = Base; path = Base.lproj/Main.storyboard; sourceTree = "<group>"; };
		521014F92389434A00858FFE /* Assets.xcassets */ = {isa = PBXFileReference; lastKnownFileType = folder.assetcatalog; path = Assets.xcassets; sourceTree = "<group>"; };
		521014FC2389434A00858FFE /* Base */ = {isa = PBXFileReference; lastKnownFileType = file.storyboard; name = Base; path = Base.lproj/LaunchScreen.storyboard; sourceTree = "<group>"; };
		521014FE2389434A00858FFE /* Info.plist */ = {isa = PBXFileReference; lastKnownFileType = text.plist.xml; path = Info.plist; sourceTree = "<group>"; };
		521015082389439600858FFE /* HapticsBoxTests.xctest */ = {isa = PBXFileReference; explicitFileType = wrapper.cfbundle; includeInIndex = 0; path = HapticsBoxTests.xctest; sourceTree = BUILT_PRODUCTS_DIR; };
		5210150A2389439600858FFE /* HapticsBoxTests.swift */ = {isa = PBXFileReference; lastKnownFileType = sourcecode.swift; path = HapticsBoxTests.swift; sourceTree = "<group>"; };
		5210150C2389439600858FFE /* Info.plist */ = {isa = PBXFileReference; lastKnownFileType = text.plist.xml; path = Info.plist; sourceTree = "<group>"; };
		52101513238946E800858FFE /* EventParameter.ahap */ = {isa = PBXFileReference; fileEncoding = 4; lastKnownFileType = text; path = EventParameter.ahap; sourceTree = "<group>"; };
		5210151523894BA600858FFE /* TestBundleLoader.swift */ = {isa = PBXFileReference; lastKnownFileType = sourcecode.swift; path = TestBundleLoader.swift; sourceTree = "<group>"; };
		52101517238974A400858FFE /* Event.ahap */ = {isa = PBXFileReference; fileEncoding = 4; lastKnownFileType = text; path = Event.ahap; sourceTree = "<group>"; };
		5210151B23897DCA00858FFE /* Full.ahap */ = {isa = PBXFileReference; fileEncoding = 4; lastKnownFileType = text; path = Full.ahap; sourceTree = "<group>"; };
		5210151E23897E3000858FFE /* OnceHeartbeat.ahap */ = {isa = PBXFileReference; fileEncoding = 4; lastKnownFileType = text; path = OnceHeartbeat.ahap; sourceTree = "<group>"; };
		52101521238984B300858FFE /* AHAPParser.swift */ = {isa = PBXFileReference; lastKnownFileType = sourcecode.swift; path = AHAPParser.swift; sourceTree = "<group>"; };
		52101523238A734500858FFE /* FileLoader.swift */ = {isa = PBXFileReference; lastKnownFileType = sourcecode.swift; path = FileLoader.swift; sourceTree = "<group>"; };
		52101525238AC1D700858FFE /* HapticsBoxLogger.swift */ = {isa = PBXFileReference; lastKnownFileType = sourcecode.swift; path = HapticsBoxLogger.swift; sourceTree = "<group>"; };
		52101527238ACB3400858FFE /* HapticsBoxEngine.swift */ = {isa = PBXFileReference; lastKnownFileType = sourcecode.swift; path = HapticsBoxEngine.swift; sourceTree = "<group>"; };
		52101529238AD2F500858FFE /* Gravel.ahap */ = {isa = PBXFileReference; fileEncoding = 4; lastKnownFileType = text; path = Gravel.ahap; sourceTree = "<group>"; };
		5210152A238AD2F500858FFE /* Oscillate.ahap */ = {isa = PBXFileReference; fileEncoding = 4; lastKnownFileType = text; path = Oscillate.ahap; sourceTree = "<group>"; };
		5210152B238AD2F500858FFE /* Inflate.ahap */ = {isa = PBXFileReference; fileEncoding = 4; lastKnownFileType = text; path = Inflate.ahap; sourceTree = "<group>"; };
		5210152C238AD2F500858FFE /* Boing.ahap */ = {isa = PBXFileReference; fileEncoding = 4; lastKnownFileType = text; path = Boing.ahap; sourceTree = "<group>"; };
		5210152D238AD2F500858FFE /* Sparkle.ahap */ = {isa = PBXFileReference; fileEncoding = 4; lastKnownFileType = text; path = Sparkle.ahap; sourceTree = "<group>"; };
		5210152E238AD2F500858FFE /* Rumble.ahap */ = {isa = PBXFileReference; fileEncoding = 4; lastKnownFileType = text; path = Rumble.ahap; sourceTree = "<group>"; };
		523AE060239BEA27003E7B31 /* HeartBeats003.PNG */ = {isa = PBXFileReference; lastKnownFileType = image.png; path = HeartBeats003.PNG; sourceTree = "<group>"; };
		523AE061239BEA27003E7B31 /* HeartBeats001.PNG */ = {isa = PBXFileReference; lastKnownFileType = image.png; path = HeartBeats001.PNG; sourceTree = "<group>"; };
		523AE062239BEA27003E7B31 /* HeartBeats002.PNG */ = {isa = PBXFileReference; lastKnownFileType = image.png; path = HeartBeats002.PNG; sourceTree = "<group>"; };
		523AE063239BEA27003E7B31 /* HeartBeats004.PNG */ = {isa = PBXFileReference; lastKnownFileType = image.png; path = HeartBeats004.PNG; sourceTree = "<group>"; };
		523AE069239E91BF003E7B31 /* Collision.storyboard */ = {isa = PBXFileReference; lastKnownFileType = file.storyboard; path = Collision.storyboard; sourceTree = "<group>"; };
		523AE06B239E91D6003E7B31 /* CollisionViewController.swift */ = {isa = PBXFileReference; lastKnownFileType = sourcecode.swift; path = CollisionViewController.swift; sourceTree = "<group>"; };
		523AE08D23A5F6DF003E7B31 /* Samples.storyboard */ = {isa = PBXFileReference; lastKnownFileType = file.storyboard; path = Samples.storyboard; sourceTree = "<group>"; };
		523AE08F23A5F904003E7B31 /* HomeViewController.swift */ = {isa = PBXFileReference; lastKnownFileType = sourcecode.swift; path = HomeViewController.swift; sourceTree = "<group>"; };
		523AE09323A5FCEF003E7B31 /* Connection.storyboard */ = {isa = PBXFileReference; lastKnownFileType = file.storyboard; path = Connection.storyboard; sourceTree = "<group>"; };
		523AE09523A5FD1B003E7B31 /* ConnectionViewController.swift */ = {isa = PBXFileReference; lastKnownFileType = sourcecode.swift; path = ConnectionViewController.swift; sourceTree = "<group>"; };
		523AE09D23A65A90003E7B31 /* WebSocketServer.swift */ = {isa = PBXFileReference; lastKnownFileType = sourcecode.swift; path = WebSocketServer.swift; sourceTree = "<group>"; };
		523AE09F23A660B6003E7B31 /* Configs.swift */ = {isa = PBXFileReference; lastKnownFileType = sourcecode.swift; path = Configs.swift; sourceTree = "<group>"; };
		52479826239942AB00C4EE31 /* CollectionReusableView.swift */ = {isa = PBXFileReference; lastKnownFileType = sourcecode.swift; path = CollectionReusableView.swift; sourceTree = "<group>"; };
		52479828239942C300C4EE31 /* CollectionViewCell.swift */ = {isa = PBXFileReference; lastKnownFileType = sourcecode.swift; path = CollectionViewCell.swift; sourceTree = "<group>"; };
		52479830239BA90400C4EE31 /* HeartBeats.storyboard */ = {isa = PBXFileReference; lastKnownFileType = file.storyboard; path = HeartBeats.storyboard; sourceTree = "<group>"; };
		52479832239BA96C00C4EE31 /* HeartBeatsViewController.swift */ = {isa = PBXFileReference; lastKnownFileType = sourcecode.swift; path = HeartBeatsViewController.swift; sourceTree = "<group>"; };
		52479835239BB52500C4EE31 /* HapticSampler.storyboard */ = {isa = PBXFileReference; lastKnownFileType = file.storyboard; path = HapticSampler.storyboard; sourceTree = "<group>"; };
		52479837239BB53B00C4EE31 /* HapticSamplerViewController.swift */ = {isa = PBXFileReference; lastKnownFileType = sourcecode.swift; path = HapticSamplerViewController.swift; sourceTree = "<group>"; };
		524CA14124053EB3000B8610 /* Swifter.framework */ = {isa = PBXFileReference; lastKnownFileType = wrapper.framework; path = Swifter.framework; sourceTree = "<group>"; };
/* End PBXFileReference section */

/* Begin PBXFrameworksBuildPhase section */
		521014EA2389434700858FFE /* Frameworks */ = {
			isa = PBXFrameworksBuildPhase;
			buildActionMask = 2147483647;
			files = (
				524CA14324053EBB000B8610 /* Swifter.framework in Frameworks */,
			);
			runOnlyForDeploymentPostprocessing = 0;
		};
		521015052389439600858FFE /* Frameworks */ = {
			isa = PBXFrameworksBuildPhase;
			buildActionMask = 2147483647;
			files = (
			);
			runOnlyForDeploymentPostprocessing = 0;
		};
/* End PBXFrameworksBuildPhase section */

/* Begin PBXGroup section */
		521014E42389434700858FFE = {
			isa = PBXGroup;
			children = (
				523AE09723A65A69003E7B31 /* Frameworks */,
				5247982D239B7A0A00C4EE31 /* Resources */,
				521014EF2389434700858FFE /* HapticsBox */,
				521015092389439600858FFE /* HapticsBoxTests */,
				521014EE2389434700858FFE /* Products */,
			);
			sourceTree = "<group>";
		};
		521014EE2389434700858FFE /* Products */ = {
			isa = PBXGroup;
			children = (
				521014ED2389434700858FFE /* HapticsBox.app */,
				521015082389439600858FFE /* HapticsBoxTests.xctest */,
			);
			name = Products;
			sourceTree = "<group>";
		};
		521014EF2389434700858FFE /* HapticsBox */ = {
			isa = PBXGroup;
			children = (
				5247982C239B794C00C4EE31 /* App */,
				5247982B239B794200C4EE31 /* HapticsBoxEngine */,
				5247982A239B793000C4EE31 /* Home */,
				5247982E239BA73200C4EE31 /* Applications */,
			);
			path = HapticsBox;
			sourceTree = "<group>";
		};
		521015092389439600858FFE /* HapticsBoxTests */ = {
			isa = PBXGroup;
			children = (
				521015122389469100858FFE /* testahap */,
				5210150A2389439600858FFE /* HapticsBoxTests.swift */,
				5210151523894BA600858FFE /* TestBundleLoader.swift */,
				5210150C2389439600858FFE /* Info.plist */,
			);
			path = HapticsBoxTests;
			sourceTree = "<group>";
		};
		521015122389469100858FFE /* testahap */ = {
			isa = PBXGroup;
			children = (
				5210151B23897DCA00858FFE /* Full.ahap */,
				52101513238946E800858FFE /* EventParameter.ahap */,
				52101517238974A400858FFE /* Event.ahap */,
			);
			path = testahap;
			sourceTree = "<group>";
		};
		5210151D23897E3000858FFE /* ahap */ = {
			isa = PBXGroup;
			children = (
				5210151E23897E3000858FFE /* OnceHeartbeat.ahap */,
				5210152C238AD2F500858FFE /* Boing.ahap */,
				52101529238AD2F500858FFE /* Gravel.ahap */,
				5210152B238AD2F500858FFE /* Inflate.ahap */,
				5210152A238AD2F500858FFE /* Oscillate.ahap */,
				5210152E238AD2F500858FFE /* Rumble.ahap */,
				5210152D238AD2F500858FFE /* Sparkle.ahap */,
			);
			path = ahap;
			sourceTree = "<group>";
		};
		521015202389834600858FFE /* CHUtils */ = {
			isa = PBXGroup;
			children = (
				52101525238AC1D700858FFE /* HapticsBoxLogger.swift */,
				52101521238984B300858FFE /* AHAPParser.swift */,
				52101523238A734500858FFE /* FileLoader.swift */,
			);
			path = CHUtils;
			sourceTree = "<group>";
		};
		523AE05F239BEA04003E7B31 /* images */ = {
			isa = PBXGroup;
			children = (
				523AE061239BEA27003E7B31 /* HeartBeats001.PNG */,
				523AE062239BEA27003E7B31 /* HeartBeats002.PNG */,
				523AE060239BEA27003E7B31 /* HeartBeats003.PNG */,
				523AE063239BEA27003E7B31 /* HeartBeats004.PNG */,
			);
			path = images;
			sourceTree = "<group>";
		};
		523AE068239E91A9003E7B31 /* Collision */ = {
			isa = PBXGroup;
			children = (
				523AE069239E91BF003E7B31 /* Collision.storyboard */,
				523AE06B239E91D6003E7B31 /* CollisionViewController.swift */,
			);
			path = Collision;
			sourceTree = "<group>";
		};
		523AE09123A5FB7B003E7B31 /* Samples */ = {
			isa = PBXGroup;
			children = (
				523AE08D23A5F6DF003E7B31 /* Samples.storyboard */,
				521014F42389434700858FFE /* SamplesViewController.swift */,
				52479826239942AB00C4EE31 /* CollectionReusableView.swift */,
				52479828239942C300C4EE31 /* CollectionViewCell.swift */,
			);
			path = Samples;
			sourceTree = "<group>";
		};
		523AE09223A5FCDB003E7B31 /* Connection */ = {
			isa = PBXGroup;
			children = (
				523AE09323A5FCEF003E7B31 /* Connection.storyboard */,
				523AE09523A5FD1B003E7B31 /* ConnectionViewController.swift */,
				523AE09D23A65A90003E7B31 /* WebSocketServer.swift */,
			);
			path = Connection;
			sourceTree = "<group>";
		};
		523AE09723A65A69003E7B31 /* Frameworks */ = {
			isa = PBXGroup;
			children = (
				524CA14124053EB3000B8610 /* Swifter.framework */,
			);
			path = Frameworks;
			sourceTree = "<group>";
		};
		5247982A239B793000C4EE31 /* Home */ = {
			isa = PBXGroup;
			children = (
				521014F62389434700858FFE /* Main.storyboard */,
				523AE08F23A5F904003E7B31 /* HomeViewController.swift */,
				523AE09223A5FCDB003E7B31 /* Connection */,
				523AE09123A5FB7B003E7B31 /* Samples */,
			);
			path = Home;
			sourceTree = "<group>";
		};
		5247982B239B794200C4EE31 /* HapticsBoxEngine */ = {
			isa = PBXGroup;
			children = (
				52101527238ACB3400858FFE /* HapticsBoxEngine.swift */,
				521015202389834600858FFE /* CHUtils */,
			);
			path = HapticsBoxEngine;
			sourceTree = "<group>";
		};
		5247982C239B794C00C4EE31 /* App */ = {
			isa = PBXGroup;
			children = (
				521014F02389434700858FFE /* AppDelegate.swift */,
				521014F22389434700858FFE /* SceneDelegate.swift */,
				523AE09F23A660B6003E7B31 /* Configs.swift */,
				521014F92389434A00858FFE /* Assets.xcassets */,
				521014FB2389434A00858FFE /* LaunchScreen.storyboard */,
				521014FE2389434A00858FFE /* Info.plist */,
			);
			path = App;
			sourceTree = "<group>";
		};
		5247982D239B7A0A00C4EE31 /* Resources */ = {
			isa = PBXGroup;
			children = (
				5210151D23897E3000858FFE /* ahap */,
			);
			path = Resources;
			sourceTree = "<group>";
		};
		5247982E239BA73200C4EE31 /* Applications */ = {
			isa = PBXGroup;
			children = (
				52479834239BB40D00C4EE31 /* HapticSampler */,
				5247982F239BA88300C4EE31 /* HeartBeats */,
				523AE068239E91A9003E7B31 /* Collision */,
			);
			path = Applications;
			sourceTree = "<group>";
		};
		5247982F239BA88300C4EE31 /* HeartBeats */ = {
			isa = PBXGroup;
			children = (
				523AE05F239BEA04003E7B31 /* images */,
				52479830239BA90400C4EE31 /* HeartBeats.storyboard */,
				52479832239BA96C00C4EE31 /* HeartBeatsViewController.swift */,
			);
			path = HeartBeats;
			sourceTree = "<group>";
		};
		52479834239BB40D00C4EE31 /* HapticSampler */ = {
			isa = PBXGroup;
			children = (
				52479835239BB52500C4EE31 /* HapticSampler.storyboard */,
				52479837239BB53B00C4EE31 /* HapticSamplerViewController.swift */,
			);
			path = HapticSampler;
			sourceTree = "<group>";
		};
/* End PBXGroup section */

/* Begin PBXNativeTarget section */
		521014EC2389434700858FFE /* HapticsBox */ = {
			isa = PBXNativeTarget;
			buildConfigurationList = 521015012389434A00858FFE /* Build configuration list for PBXNativeTarget "HapticsBox" */;
			buildPhases = (
				521014E92389434700858FFE /* Sources */,
				521014EA2389434700858FFE /* Frameworks */,
				521014EB2389434700858FFE /* Resources */,
				523AE09C23A65A76003E7B31 /* Embed Frameworks */,
			);
			buildRules = (
			);
			dependencies = (
			);
			name = HapticsBox;
			productName = HapticsBox;
			productReference = 521014ED2389434700858FFE /* HapticsBox.app */;
			productType = "com.apple.product-type.application";
		};
		521015072389439600858FFE /* HapticsBoxTests */ = {
			isa = PBXNativeTarget;
			buildConfigurationList = 5210150F2389439600858FFE /* Build configuration list for PBXNativeTarget "HapticsBoxTests" */;
			buildPhases = (
				521015042389439600858FFE /* Sources */,
				521015052389439600858FFE /* Frameworks */,
				521015062389439600858FFE /* Resources */,
			);
			buildRules = (
			);
			dependencies = (
				5210150E2389439600858FFE /* PBXTargetDependency */,
			);
			name = HapticsBoxTests;
			productName = HapticsBoxTests;
			productReference = 521015082389439600858FFE /* HapticsBoxTests.xctest */;
			productType = "com.apple.product-type.bundle.unit-test";
		};
/* End PBXNativeTarget section */

/* Begin PBXProject section */
		521014E52389434700858FFE /* Project object */ = {
			isa = PBXProject;
			attributes = {
				LastSwiftUpdateCheck = 1110;
				LastUpgradeCheck = 1110;
				ORGANIZATIONNAME = fuziki.factory;
				TargetAttributes = {
					521014EC2389434700858FFE = {
						CreatedOnToolsVersion = 11.1;
					};
					521015072389439600858FFE = {
						CreatedOnToolsVersion = 11.1;
						TestTargetID = 521014EC2389434700858FFE;
					};
				};
			};
			buildConfigurationList = 521014E82389434700858FFE /* Build configuration list for PBXProject "HapticsBox" */;
			compatibilityVersion = "Xcode 9.3";
			developmentRegion = en;
			hasScannedForEncodings = 0;
			knownRegions = (
				en,
				Base,
			);
			mainGroup = 521014E42389434700858FFE;
			productRefGroup = 521014EE2389434700858FFE /* Products */;
			projectDirPath = "";
			projectRoot = "";
			targets = (
				521014EC2389434700858FFE /* HapticsBox */,
				521015072389439600858FFE /* HapticsBoxTests */,
			);
		};
/* End PBXProject section */

/* Begin PBXResourcesBuildPhase section */
		521014EB2389434700858FFE /* Resources */ = {
			isa = PBXResourcesBuildPhase;
			buildActionMask = 2147483647;
			files = (
				523AE066239BEA27003E7B31 /* HeartBeats002.PNG in Resources */,
				521014FD2389434A00858FFE /* LaunchScreen.storyboard in Resources */,
				52101532238AD2F500858FFE /* Boing.ahap in Resources */,
				523AE065239BEA27003E7B31 /* HeartBeats001.PNG in Resources */,
				521014FA2389434A00858FFE /* Assets.xcassets in Resources */,
				52479831239BA90400C4EE31 /* HeartBeats.storyboard in Resources */,
				523AE09423A5FCEF003E7B31 /* Connection.storyboard in Resources */,
				52479836239BB52500C4EE31 /* HapticSampler.storyboard in Resources */,
				523AE064239BEA27003E7B31 /* HeartBeats003.PNG in Resources */,
				5210151F23897E3000858FFE /* OnceHeartbeat.ahap in Resources */,
				523AE06A239E91BF003E7B31 /* Collision.storyboard in Resources */,
				523AE08E23A5F6DF003E7B31 /* Samples.storyboard in Resources */,
				521014F82389434700858FFE /* Main.storyboard in Resources */,
				52101531238AD2F500858FFE /* Inflate.ahap in Resources */,
				523AE067239BEA27003E7B31 /* HeartBeats004.PNG in Resources */,
				52101530238AD2F500858FFE /* Oscillate.ahap in Resources */,
				5210152F238AD2F500858FFE /* Gravel.ahap in Resources */,
				52101534238AD2F500858FFE /* Rumble.ahap in Resources */,
				52101533238AD2F500858FFE /* Sparkle.ahap in Resources */,
			);
			runOnlyForDeploymentPostprocessing = 0;
		};
		521015062389439600858FFE /* Resources */ = {
			isa = PBXResourcesBuildPhase;
			buildActionMask = 2147483647;
			files = (
				5210151C23897DCA00858FFE /* Full.ahap in Resources */,
				52101518238974A400858FFE /* Event.ahap in Resources */,
				52101514238946E800858FFE /* EventParameter.ahap in Resources */,
			);
			runOnlyForDeploymentPostprocessing = 0;
		};
/* End PBXResourcesBuildPhase section */

/* Begin PBXSourcesBuildPhase section */
		521014E92389434700858FFE /* Sources */ = {
			isa = PBXSourcesBuildPhase;
			buildActionMask = 2147483647;
			files = (
				52101526238AC1D700858FFE /* HapticsBoxLogger.swift in Sources */,
				523AE0A023A660B6003E7B31 /* Configs.swift in Sources */,
				52479827239942AB00C4EE31 /* CollectionReusableView.swift in Sources */,
				52479829239942C300C4EE31 /* CollectionViewCell.swift in Sources */,
				523AE06C239E91D6003E7B31 /* CollisionViewController.swift in Sources */,
				521014F52389434700858FFE /* SamplesViewController.swift in Sources */,
				521014F12389434700858FFE /* AppDelegate.swift in Sources */,
				52479833239BA96C00C4EE31 /* HeartBeatsViewController.swift in Sources */,
				52479838239BB53B00C4EE31 /* HapticSamplerViewController.swift in Sources */,
				523AE09623A5FD1B003E7B31 /* ConnectionViewController.swift in Sources */,
				52101522238984B300858FFE /* AHAPParser.swift in Sources */,
				52101528238ACB3400858FFE /* HapticsBoxEngine.swift in Sources */,
				521014F32389434700858FFE /* SceneDelegate.swift in Sources */,
				523AE09023A5F904003E7B31 /* HomeViewController.swift in Sources */,
				52101524238A734500858FFE /* FileLoader.swift in Sources */,
				523AE09E23A65A90003E7B31 /* WebSocketServer.swift in Sources */,
			);
			runOnlyForDeploymentPostprocessing = 0;
		};
		521015042389439600858FFE /* Sources */ = {
			isa = PBXSourcesBuildPhase;
			buildActionMask = 2147483647;
			files = (
				5210151623894BA600858FFE /* TestBundleLoader.swift in Sources */,
				5210150B2389439600858FFE /* HapticsBoxTests.swift in Sources */,
			);
			runOnlyForDeploymentPostprocessing = 0;
		};
/* End PBXSourcesBuildPhase section */

/* Begin PBXTargetDependency section */
		5210150E2389439600858FFE /* PBXTargetDependency */ = {
			isa = PBXTargetDependency;
			target = 521014EC2389434700858FFE /* HapticsBox */;
			targetProxy = 5210150D2389439600858FFE /* PBXContainerItemProxy */;
		};
/* End PBXTargetDependency section */

/* Begin PBXVariantGroup section */
		521014F62389434700858FFE /* Main.storyboard */ = {
			isa = PBXVariantGroup;
			children = (
				521014F72389434700858FFE /* Base */,
			);
			name = Main.storyboard;
			sourceTree = "<group>";
		};
		521014FB2389434A00858FFE /* LaunchScreen.storyboard */ = {
			isa = PBXVariantGroup;
			children = (
				521014FC2389434A00858FFE /* Base */,
			);
			name = LaunchScreen.storyboard;
			sourceTree = "<group>";
		};
/* End PBXVariantGroup section */

/* Begin XCBuildConfiguration section */
		521014FF2389434A00858FFE /* Debug */ = {
			isa = XCBuildConfiguration;
			buildSettings = {
				ALWAYS_SEARCH_USER_PATHS = NO;
				CLANG_ANALYZER_NONNULL = YES;
				CLANG_ANALYZER_NUMBER_OBJECT_CONVERSION = YES_AGGRESSIVE;
				CLANG_CXX_LANGUAGE_STANDARD = "gnu++14";
				CLANG_CXX_LIBRARY = "libc++";
				CLANG_ENABLE_MODULES = YES;
				CLANG_ENABLE_OBJC_ARC = YES;
				CLANG_ENABLE_OBJC_WEAK = YES;
				CLANG_WARN_BLOCK_CAPTURE_AUTORELEASING = YES;
				CLANG_WARN_BOOL_CONVERSION = YES;
				CLANG_WARN_COMMA = YES;
				CLANG_WARN_CONSTANT_CONVERSION = YES;
				CLANG_WARN_DEPRECATED_OBJC_IMPLEMENTATIONS = YES;
				CLANG_WARN_DIRECT_OBJC_ISA_USAGE = YES_ERROR;
				CLANG_WARN_DOCUMENTATION_COMMENTS = YES;
				CLANG_WARN_EMPTY_BODY = YES;
				CLANG_WARN_ENUM_CONVERSION = YES;
				CLANG_WARN_INFINITE_RECURSION = YES;
				CLANG_WARN_INT_CONVERSION = YES;
				CLANG_WARN_NON_LITERAL_NULL_CONVERSION = YES;
				CLANG_WARN_OBJC_IMPLICIT_RETAIN_SELF = YES;
				CLANG_WARN_OBJC_LITERAL_CONVERSION = YES;
				CLANG_WARN_OBJC_ROOT_CLASS = YES_ERROR;
				CLANG_WARN_RANGE_LOOP_ANALYSIS = YES;
				CLANG_WARN_STRICT_PROTOTYPES = YES;
				CLANG_WARN_SUSPICIOUS_MOVE = YES;
				CLANG_WARN_UNGUARDED_AVAILABILITY = YES_AGGRESSIVE;
				CLANG_WARN_UNREACHABLE_CODE = YES;
				CLANG_WARN__DUPLICATE_METHOD_MATCH = YES;
				COPY_PHASE_STRIP = NO;
				DEBUG_INFORMATION_FORMAT = dwarf;
				ENABLE_STRICT_OBJC_MSGSEND = YES;
				ENABLE_TESTABILITY = YES;
				GCC_C_LANGUAGE_STANDARD = gnu11;
				GCC_DYNAMIC_NO_PIC = NO;
				GCC_NO_COMMON_BLOCKS = YES;
				GCC_OPTIMIZATION_LEVEL = 0;
				GCC_PREPROCESSOR_DEFINITIONS = (
					"DEBUG=1",
					"$(inherited)",
				);
				GCC_WARN_64_TO_32_BIT_CONVERSION = YES;
				GCC_WARN_ABOUT_RETURN_TYPE = YES_ERROR;
				GCC_WARN_UNDECLARED_SELECTOR = YES;
				GCC_WARN_UNINITIALIZED_AUTOS = YES_AGGRESSIVE;
				GCC_WARN_UNUSED_FUNCTION = YES;
				GCC_WARN_UNUSED_VARIABLE = YES;
				IPHONEOS_DEPLOYMENT_TARGET = 13.1;
				MTL_ENABLE_DEBUG_INFO = INCLUDE_SOURCE;
				MTL_FAST_MATH = YES;
				ONLY_ACTIVE_ARCH = YES;
				SDKROOT = iphoneos;
				SWIFT_ACTIVE_COMPILATION_CONDITIONS = DEBUG;
				SWIFT_OPTIMIZATION_LEVEL = "-Onone";
			};
			name = Debug;
		};
		521015002389434A00858FFE /* Release */ = {
			isa = XCBuildConfiguration;
			buildSettings = {
				ALWAYS_SEARCH_USER_PATHS = NO;
				CLANG_ANALYZER_NONNULL = YES;
				CLANG_ANALYZER_NUMBER_OBJECT_CONVERSION = YES_AGGRESSIVE;
				CLANG_CXX_LANGUAGE_STANDARD = "gnu++14";
				CLANG_CXX_LIBRARY = "libc++";
				CLANG_ENABLE_MODULES = YES;
				CLANG_ENABLE_OBJC_ARC = YES;
				CLANG_ENABLE_OBJC_WEAK = YES;
				CLANG_WARN_BLOCK_CAPTURE_AUTORELEASING = YES;
				CLANG_WARN_BOOL_CONVERSION = YES;
				CLANG_WARN_COMMA = YES;
				CLANG_WARN_CONSTANT_CONVERSION = YES;
				CLANG_WARN_DEPRECATED_OBJC_IMPLEMENTATIONS = YES;
				CLANG_WARN_DIRECT_OBJC_ISA_USAGE = YES_ERROR;
				CLANG_WARN_DOCUMENTATION_COMMENTS = YES;
				CLANG_WARN_EMPTY_BODY = YES;
				CLANG_WARN_ENUM_CONVERSION = YES;
				CLANG_WARN_INFINITE_RECURSION = YES;
				CLANG_WARN_INT_CONVERSION = YES;
				CLANG_WARN_NON_LITERAL_NULL_CONVERSION = YES;
				CLANG_WARN_OBJC_IMPLICIT_RETAIN_SELF = YES;
				CLANG_WARN_OBJC_LITERAL_CONVERSION = YES;
				CLANG_WARN_OBJC_ROOT_CLASS = YES_ERROR;
				CLANG_WARN_RANGE_LOOP_ANALYSIS = YES;
				CLANG_WARN_STRICT_PROTOTYPES = YES;
				CLANG_WARN_SUSPICIOUS_MOVE = YES;
				CLANG_WARN_UNGUARDED_AVAILABILITY = YES_AGGRESSIVE;
				CLANG_WARN_UNREACHABLE_CODE = YES;
				CLANG_WARN__DUPLICATE_METHOD_MATCH = YES;
				COPY_PHASE_STRIP = NO;
				DEBUG_INFORMATION_FORMAT = "dwarf-with-dsym";
				ENABLE_NS_ASSERTIONS = NO;
				ENABLE_STRICT_OBJC_MSGSEND = YES;
				GCC_C_LANGUAGE_STANDARD = gnu11;
				GCC_NO_COMMON_BLOCKS = YES;
				GCC_WARN_64_TO_32_BIT_CONVERSION = YES;
				GCC_WARN_ABOUT_RETURN_TYPE = YES_ERROR;
				GCC_WARN_UNDECLARED_SELECTOR = YES;
				GCC_WARN_UNINITIALIZED_AUTOS = YES_AGGRESSIVE;
				GCC_WARN_UNUSED_FUNCTION = YES;
				GCC_WARN_UNUSED_VARIABLE = YES;
				IPHONEOS_DEPLOYMENT_TARGET = 13.1;
				MTL_ENABLE_DEBUG_INFO = NO;
				MTL_FAST_MATH = YES;
				SDKROOT = iphoneos;
				SWIFT_COMPILATION_MODE = wholemodule;
				SWIFT_OPTIMIZATION_LEVEL = "-O";
				VALIDATE_PRODUCT = YES;
			};
			name = Release;
		};
		521015022389434A00858FFE /* Debug */ = {
			isa = XCBuildConfiguration;
			buildSettings = {
				ASSETCATALOG_COMPILER_APPICON_NAME = AppIcon;
				CODE_SIGN_STYLE = Automatic;
				DEVELOPMENT_TEAM = N8B2B6D2KS;
				FRAMEWORK_SEARCH_PATHS = (
					"$(inherited)",
					"$(PROJECT_DIR)/Frameworks",
				);
				INFOPLIST_FILE = HapticsBox/App/Info.plist;
				LD_RUNPATH_SEARCH_PATHS = (
					"$(inherited)",
					"@executable_path/Frameworks",
				);
				PRODUCT_BUNDLE_IDENTIFIER = fuziki.factory.HapticsBox;
				PRODUCT_NAME = "$(TARGET_NAME)";
				SWIFT_VERSION = 5.0;
				TARGETED_DEVICE_FAMILY = "1,2";
			};
			name = Debug;
		};
		521015032389434A00858FFE /* Release */ = {
			isa = XCBuildConfiguration;
			buildSettings = {
				ASSETCATALOG_COMPILER_APPICON_NAME = AppIcon;
				CODE_SIGN_STYLE = Automatic;
				DEVELOPMENT_TEAM = N8B2B6D2KS;
				FRAMEWORK_SEARCH_PATHS = (
					"$(inherited)",
					"$(PROJECT_DIR)/Frameworks",
				);
				INFOPLIST_FILE = HapticsBox/App/Info.plist;
				LD_RUNPATH_SEARCH_PATHS = (
					"$(inherited)",
					"@executable_path/Frameworks",
				);
				PRODUCT_BUNDLE_IDENTIFIER = fuziki.factory.HapticsBox;
				PRODUCT_NAME = "$(TARGET_NAME)";
				SWIFT_VERSION = 5.0;
				TARGETED_DEVICE_FAMILY = "1,2";
			};
			name = Release;
		};
		521015102389439600858FFE /* Debug */ = {
			isa = XCBuildConfiguration;
			buildSettings = {
				BUNDLE_LOADER = "$(TEST_HOST)";
				CODE_SIGN_STYLE = Automatic;
				DEVELOPMENT_TEAM = N8B2B6D2KS;
				INFOPLIST_FILE = HapticsBoxTests/Info.plist;
				LD_RUNPATH_SEARCH_PATHS = (
					"$(inherited)",
					"@executable_path/Frameworks",
					"@loader_path/Frameworks",
				);
				PRODUCT_BUNDLE_IDENTIFIER = fuziki.factory.HapticsBoxTests;
				PRODUCT_NAME = "$(TARGET_NAME)";
				SWIFT_VERSION = 5.0;
				TARGETED_DEVICE_FAMILY = "1,2";
				TEST_HOST = "$(BUILT_PRODUCTS_DIR)/HapticsBox.app/HapticsBox";
			};
			name = Debug;
		};
		521015112389439600858FFE /* Release */ = {
			isa = XCBuildConfiguration;
			buildSettings = {
				BUNDLE_LOADER = "$(TEST_HOST)";
				CODE_SIGN_STYLE = Automatic;
				DEVELOPMENT_TEAM = N8B2B6D2KS;
				INFOPLIST_FILE = HapticsBoxTests/Info.plist;
				LD_RUNPATH_SEARCH_PATHS = (
					"$(inherited)",
					"@executable_path/Frameworks",
					"@loader_path/Frameworks",
				);
				PRODUCT_BUNDLE_IDENTIFIER = fuziki.factory.HapticsBoxTests;
				PRODUCT_NAME = "$(TARGET_NAME)";
				SWIFT_VERSION = 5.0;
				TARGETED_DEVICE_FAMILY = "1,2";
				TEST_HOST = "$(BUILT_PRODUCTS_DIR)/HapticsBox.app/HapticsBox";
			};
			name = Release;
		};
/* End XCBuildConfiguration section */

/* Begin XCConfigurationList section */
		521014E82389434700858FFE /* Build configuration list for PBXProject "HapticsBox" */ = {
			isa = XCConfigurationList;
			buildConfigurations = (
				521014FF2389434A00858FFE /* Debug */,
				521015002389434A00858FFE /* Release */,
			);
			defaultConfigurationIsVisible = 0;
			defaultConfigurationName = Release;
		};
		521015012389434A00858FFE /* Build configuration list for PBXNativeTarget "HapticsBox" */ = {
			isa = XCConfigurationList;
			buildConfigurations = (
				521015022389434A00858FFE /* Debug */,
				521015032389434A00858FFE /* Release */,
			);
			defaultConfigurationIsVisible = 0;
			defaultConfigurationName = Release;
		};
		5210150F2389439600858FFE /* Build configuration list for PBXNativeTarget "HapticsBoxTests" */ = {
			isa = XCConfigurationList;
			buildConfigurations = (
				521015102389439600858FFE /* Debug */,
				521015112389439600858FFE /* Release */,
			);
			defaultConfigurationIsVisible = 0;
			defaultConfigurationName = Release;
		};
/* End XCConfigurationList section */
	};
	rootObject = 521014E52389434700858FFE /* Project object */;
}
